{
    "version": 3,
    "terraform_version": "0.8.4",
    "serial": 3,
    "lineage": "3b53667a-f5aa-4326-a624-e78c9e698052",
    "modules": [
        {
            "path": [
                "root"
            ],
            "outputs": {
                "ip": {
                    "sensitive": false,
                    "type": "string",
                    "value": "54.162.209.184"
                }
            },
            "resources": {
                "aws_instance.class-server": {
                    "type": "aws_instance",
                    "depends_on": [],
                    "primary": {
                        "id": "i-0545c9e50b537da48",
                        "attributes": {
                            "ami": "ami-b73b63a0",
                            "associate_public_ip_address": "true",
                            "availability_zone": "us-east-1d",
                            "disable_api_termination": "false",
                            "ebs_block_device.#": "0",
                            "ebs_optimized": "false",
                            "ephemeral_block_device.#": "0",
                            "iam_instance_profile": "",
                            "id": "i-0545c9e50b537da48",
                            "instance_state": "running",
                            "instance_type": "t2.micro",
                            "key_name": "seis665",
                            "monitoring": "false",
                            "network_interface_id": "eni-a8c9934a",
                            "private_dns": "ip-172-31-4-118.ec2.internal",
                            "private_ip": "172.31.4.118",
                            "public_dns": "ec2-54-162-209-184.compute-1.amazonaws.com",
                            "public_ip": "54.162.209.184",
                            "root_block_device.#": "1",
                            "root_block_device.0.delete_on_termination": "true",
                            "root_block_device.0.iops": "100",
                            "root_block_device.0.volume_size": "8",
                            "root_block_device.0.volume_type": "gp2",
                            "security_groups.#": "0",
                            "source_dest_check": "true",
                            "subnet_id": "subnet-63d4222a",
                            "tags.%": "2",
                            "tags.Name": "class-server-tf",
                            "tags.Project": "Fido",
                            "tenancy": "default",
                            "vpc_security_group_ids.#": "1",
                            "vpc_security_group_ids.2949970326": "sg-7b221001"
                        },
                        "meta": {
                            "schema_version": "1"
                        },
                        "tainted": false
                    },
                    "deposed": [],
                    "provider": ""
                }
            },
            "depends_on": []
        }
    ]
}
