{
    "version": 3,
    "terraform_version": "0.8.4",
    "serial": 12,
    "lineage": "4ef11ff4-5ca1-4c53-9d54-2384d4771eb0",
    "modules": [
        {
            "path": [
                "root"
            ],
            "outputs": {},
            "resources": {
                "aws_instance.wordpress.0": {
                    "type": "aws_instance",
                    "depends_on": [],
                    "primary": {
                        "id": "i-09dd609cdc6d4747d",
                        "attributes": {
                            "ami": "ami-b63769a1",
                            "associate_public_ip_address": "true",
                            "availability_zone": "us-east-1d",
                            "disable_api_termination": "false",
                            "ebs_block_device.#": "0",
                            "ebs_optimized": "false",
                            "ephemeral_block_device.#": "0",
                            "iam_instance_profile": "",
                            "id": "i-09dd609cdc6d4747d",
                            "instance_state": "running",
                            "instance_type": "t2.micro",
                            "key_name": "seis665",
                            "monitoring": "false",
                            "network_interface_id": "eni-043cc2e1",
                            "private_dns": "ip-172-31-4-158.ec2.internal",
                            "private_ip": "172.31.4.158",
                            "public_dns": "ec2-54-152-150-203.compute-1.amazonaws.com",
                            "public_ip": "54.152.150.203",
                            "root_block_device.#": "1",
                            "root_block_device.0.delete_on_termination": "true",
                            "root_block_device.0.iops": "100",
                            "root_block_device.0.volume_size": "10",
                            "root_block_device.0.volume_type": "gp2",
                            "security_groups.#": "0",
                            "source_dest_check": "true",
                            "subnet_id": "subnet-63d4222a",
                            "tags.%": "3",
                            "tags.Name": "web0",
                            "tags.role": "webserver",
                            "tags.sshUser": "ec2-user",
                            "tenancy": "default",
                            "vpc_security_group_ids.#": "1",
                            "vpc_security_group_ids.2949970326": "sg-7b221001"
                        },
                        "meta": {
                            "schema_version": "1"
                        },
                        "tainted": false
                    },
                    "deposed": [],
                    "provider": ""
                },
                "aws_instance.wordpress.1": {
                    "type": "aws_instance",
                    "depends_on": [],
                    "primary": {
                        "id": "i-087e902fe4b6b2400",
                        "attributes": {
                            "ami": "ami-b63769a1",
                            "associate_public_ip_address": "true",
                            "availability_zone": "us-east-1d",
                            "disable_api_termination": "false",
                            "ebs_block_device.#": "0",
                            "ebs_optimized": "false",
                            "ephemeral_block_device.#": "0",
                            "iam_instance_profile": "",
                            "id": "i-087e902fe4b6b2400",
                            "instance_state": "running",
                            "instance_type": "t2.micro",
                            "key_name": "seis665",
                            "monitoring": "false",
                            "network_interface_id": "eni-5f3fc1ba",
                            "private_dns": "ip-172-31-4-82.ec2.internal",
                            "private_ip": "172.31.4.82",
                            "public_dns": "ec2-34-204-0-212.compute-1.amazonaws.com",
                            "public_ip": "34.204.0.212",
                            "root_block_device.#": "1",
                            "root_block_device.0.delete_on_termination": "true",
                            "root_block_device.0.iops": "100",
                            "root_block_device.0.volume_size": "10",
                            "root_block_device.0.volume_type": "gp2",
                            "security_groups.#": "0",
                            "source_dest_check": "true",
                            "subnet_id": "subnet-63d4222a",
                            "tags.%": "3",
                            "tags.Name": "web1",
                            "tags.role": "webserver",
                            "tags.sshUser": "ec2-user",
                            "tenancy": "default",
                            "vpc_security_group_ids.#": "1",
                            "vpc_security_group_ids.2949970326": "sg-7b221001"
                        },
                        "meta": {
                            "schema_version": "1"
                        },
                        "tainted": false
                    },
                    "deposed": [],
                    "provider": ""
                }
            },
            "depends_on": []
        }
    ]
}
