DEPENDENCIES
  apt
  cloudcli
    path: .
    metadata: true
  node_dump
    path: test/fixtures/cookbooks/node_dump
  test_credentials
    path: test/fixtures/cookbooks/test_credentials
  test_get
    path: test/fixtures/cookbooks/test_get
  test_virtualenv
    path: test/fixtures/cookbooks/test_virtualenv
  yum

GRAPH
  apt (6.1.0)
  cloudcli (1.2.0)
    poise-python (~> 1.6)
  node_dump (0.0.0)
  poise (2.7.2)
  poise-archive (1.5.0)
    poise (~> 2.6)
  poise-languages (2.1.0)
    poise (~> 2.5)
    poise-archive (~> 1.0)
  poise-python (1.6.0)
    poise (~> 2.7)
    poise-languages (~> 2.0)
  test_credentials (0.0.0)
    cloudcli (>= 0.0.0)
  test_get (0.0.0)
    cloudcli (>= 0.0.0)
  test_virtualenv (0.0.0)
    cloudcli (>= 0.0.0)
    poise-python (>= 0.0.0)
  yum (5.0.1)
